Microsoft Visual Studio Solution File, Format Version 12.00
# Visual Studio 14
VisualStudioVersion = 14.0.25123.0
MinimumVisualStudioVersion = 10.0.40219.1
Project("{FAE04EC0-301F-11D3-BF4B-00C04F79EFBC}") = "Eclair.Terminal", "Core\Fth.Eclair.Terminal\Eclair.Terminal.csproj", "{91EE4736-0AB8-494A-929A-017E5464A500}"
EndProject
Project("{FAE04EC0-301F-11D3-BF4B-00C04F79EFBC}") = "Eclair.Core", "Core\Fth.Eclair.Core\Eclair.Core.csproj", "{789F08B8-D19C-45A0-9F08-7190B3B07CD4}"
EndProject
Project("{FAE04EC0-301F-11D3-BF4B-00C04F79EFBC}") = "Eclair.Commands.SystemCmds", "Commands\Fth.Eclair.Commands.SystemCmds\Eclair.Commands.SystemCmds.csproj", "{3A7380A5-FC9D-4EBC-B0A4-CFCEE539603B}"
EndProject
Project("{7CF6DF6D-3B04-46F8-A40B-537D21BCA0B4}") = "Documentation", "Documentation\Documentation.shfbproj", "{EE8D3C59-4900-487B-AFC9-6D0A75A2C756}"
EndProject
Project("{2150E333-8FDC-42A3-9474-1A3956D46DE8}") = "Core", "Core", "{915C5108-D144-4574-8090-EF1E158032CE}"
EndProject
Project("{2150E333-8FDC-42A3-9474-1A3956D46DE8}") = "Setup", "Setup", "{6862BDED-FF67-4FE6-9353-B351D6096401}"
EndProject
Project("{2150E333-8FDC-42A3-9474-1A3956D46DE8}") = "Documentation", "Documentation", "{ECA64ED6-07D0-4128-AEE8-20176E544D76}"
EndProject
Project("{930C7802-8A8C-48F9-8165-68863BCCD9DD}") = "Eclair.Setup", "Setup\Fth.Eclair.Setup\Eclair.Setup.wixproj", "{020AEC0D-5043-48A0-94C1-0A10AE378B86}"
EndProject
Project("{2150E333-8FDC-42A3-9474-1A3956D46DE8}") = ".nuget", ".nuget", "{37364891-53CA-4A7D-A1FD-1E4260349764}"
	ProjectSection(SolutionItems) = preProject
		.nuget\NuGet.Config = .nuget\NuGet.Config
		.nuget\NuGet.exe = .nuget\NuGet.exe
		.nuget\NuGet.targets = .nuget\NuGet.targets
	EndProjectSection
EndProject
Project("{2150E333-8FDC-42A3-9474-1A3956D46DE8}") = "Commands", "Commands", "{F748C62A-3692-4172-B88C-2DC53731EC8B}"
EndProject
Project("{FAE04EC0-301F-11D3-BF4B-00C04F79EFBC}") = "Eclair.Commands.Url2Webloc", "Commands\Fth.Eclair.Commands.Url2Webloc\Eclair.Commands.Url2Webloc.csproj", "{955C3C24-8AD2-4E36-A360-78E25A53CE87}"
EndProject
Project("{FAE04EC0-301F-11D3-BF4B-00C04F79EFBC}") = "NuGet.Package", "NuGet.Package\NuGet.Package.csproj", "{0451BAEF-DF2E-4B98-8644-94EE9415E389}"
EndProject
Project("{2150E333-8FDC-42A3-9474-1A3956D46DE8}") = "Solution Items", "Solution Items", "{6759D39D-CB95-4092-A817-AE835A72E6F8}"
	ProjectSection(SolutionItems) = preProject
		LICENSE-2.0.txt = LICENSE-2.0.txt
		readme.txt = readme.txt
	EndProjectSection
EndProject
Project("{FAE04EC0-301F-11D3-BF4B-00C04F79EFBC}") = "Eclair.Commands.CloudView", "Commands\Fth.Eclair.Commands.CloudView\Eclair.Commands.CloudView.csproj", "{CBE60A76-B808-443C-B453-FC8C3746100A}"
EndProject
Global
	GlobalSection(SolutionConfigurationPlatforms) = preSolution
		Debug|Any CPU = Debug|Any CPU
		Debug|Mixed Platforms = Debug|Mixed Platforms
		Debug|Win32 = Debug|Win32
		Debug|x86 = Debug|x86
		Release|Any CPU = Release|Any CPU
		Release|Mixed Platforms = Release|Mixed Platforms
		Release|Win32 = Release|Win32
		Release|x86 = Release|x86
		Url2Webloc_debug|Any CPU = Url2Webloc_debug|Any CPU
		Url2Webloc_debug|Mixed Platforms = Url2Webloc_debug|Mixed Platforms
		Url2Webloc_debug|Win32 = Url2Webloc_debug|Win32
		Url2Webloc_debug|x86 = Url2Webloc_debug|x86
		Url2Webloc|Any CPU = Url2Webloc|Any CPU
		Url2Webloc|Mixed Platforms = Url2Webloc|Mixed Platforms
		Url2Webloc|Win32 = Url2Webloc|Win32
		Url2Webloc|x86 = Url2Webloc|x86
	EndGlobalSection
	GlobalSection(ProjectConfigurationPlatforms) = postSolution
		{91EE4736-0AB8-494A-929A-017E5464A500}.Debug|Any CPU.ActiveCfg = Debug|x86
		{91EE4736-0AB8-494A-929A-017E5464A500}.Debug|Any CPU.Build.0 = Debug|x86
		{91EE4736-0AB8-494A-929A-017E5464A500}.Debug|Mixed Platforms.ActiveCfg = Debug|x86
		{91EE4736-0AB8-494A-929A-017E5464A500}.Debug|Mixed Platforms.Build.0 = Debug|x86
		{91EE4736-0AB8-494A-929A-017E5464A500}.Debug|Win32.ActiveCfg = Debug|x86
		{91EE4736-0AB8-494A-929A-017E5464A500}.Debug|Win32.Build.0 = Debug|x86
		{91EE4736-0AB8-494A-929A-017E5464A500}.Debug|x86.ActiveCfg = Debug|x86
		{91EE4736-0AB8-494A-929A-017E5464A500}.Debug|x86.Build.0 = Debug|x86
		{91EE4736-0AB8-494A-929A-017E5464A500}.Release|Any CPU.ActiveCfg = Release|x86
		{91EE4736-0AB8-494A-929A-017E5464A500}.Release|Mixed Platforms.ActiveCfg = Release|x86
		{91EE4736-0AB8-494A-929A-017E5464A500}.Release|Mixed Platforms.Build.0 = Release|x86
		{91EE4736-0AB8-494A-929A-017E5464A500}.Release|Win32.ActiveCfg = Release|x86
		{91EE4736-0AB8-494A-929A-017E5464A500}.Release|Win32.Build.0 = Release|x86
		{91EE4736-0AB8-494A-929A-017E5464A500}.Release|x86.ActiveCfg = Release|x86
		{91EE4736-0AB8-494A-929A-017E5464A500}.Release|x86.Build.0 = Release|x86
		{91EE4736-0AB8-494A-929A-017E5464A500}.Url2Webloc_debug|Any CPU.ActiveCfg = Url2Webloc_debug|Any CPU
		{91EE4736-0AB8-494A-929A-017E5464A500}.Url2Webloc_debug|Any CPU.Build.0 = Url2Webloc_debug|Any CPU
		{91EE4736-0AB8-494A-929A-017E5464A500}.Url2Webloc_debug|Mixed Platforms.ActiveCfg = Url2Webloc_debug|x86
		{91EE4736-0AB8-494A-929A-017E5464A500}.Url2Webloc_debug|Mixed Platforms.Build.0 = Url2Webloc_debug|x86
		{91EE4736-0AB8-494A-929A-017E5464A500}.Url2Webloc_debug|Win32.ActiveCfg = Url2Webloc_debug|x86
		{91EE4736-0AB8-494A-929A-017E5464A500}.Url2Webloc_debug|Win32.Build.0 = Url2Webloc_debug|x86
		{91EE4736-0AB8-494A-929A-017E5464A500}.Url2Webloc_debug|x86.ActiveCfg = Url2Webloc_debug|x86
		{91EE4736-0AB8-494A-929A-017E5464A500}.Url2Webloc_debug|x86.Build.0 = Url2Webloc_debug|x86
		{91EE4736-0AB8-494A-929A-017E5464A500}.Url2Webloc|Any CPU.ActiveCfg = Url2Webloc|Any CPU
		{91EE4736-0AB8-494A-929A-017E5464A500}.Url2Webloc|Any CPU.Build.0 = Url2Webloc|Any CPU
		{91EE4736-0AB8-494A-929A-017E5464A500}.Url2Webloc|Mixed Platforms.ActiveCfg = Url2Webloc|x86
		{91EE4736-0AB8-494A-929A-017E5464A500}.Url2Webloc|Mixed Platforms.Build.0 = Url2Webloc|x86
		{91EE4736-0AB8-494A-929A-017E5464A500}.Url2Webloc|Win32.ActiveCfg = Url2Webloc|x86
		{91EE4736-0AB8-494A-929A-017E5464A500}.Url2Webloc|Win32.Build.0 = Url2Webloc|x86
		{91EE4736-0AB8-494A-929A-017E5464A500}.Url2Webloc|x86.ActiveCfg = Url2Webloc|x86
		{91EE4736-0AB8-494A-929A-017E5464A500}.Url2Webloc|x86.Build.0 = Url2Webloc|x86
		{789F08B8-D19C-45A0-9F08-7190B3B07CD4}.Debug|Any CPU.ActiveCfg = Debug|Any CPU
		{789F08B8-D19C-45A0-9F08-7190B3B07CD4}.Debug|Any CPU.Build.0 = Debug|Any CPU
		{789F08B8-D19C-45A0-9F08-7190B3B07CD4}.Debug|Mixed Platforms.ActiveCfg = Debug|Any CPU
		{789F08B8-D19C-45A0-9F08-7190B3B07CD4}.Debug|Mixed Platforms.Build.0 = Debug|Any CPU
		{789F08B8-D19C-45A0-9F08-7190B3B07CD4}.Debug|Win32.ActiveCfg = Debug|Any CPU
		{789F08B8-D19C-45A0-9F08-7190B3B07CD4}.Debug|x86.ActiveCfg = Debug|Any CPU
		{789F08B8-D19C-45A0-9F08-7190B3B07CD4}.Release|Any CPU.ActiveCfg = Release|Any CPU
		{789F08B8-D19C-45A0-9F08-7190B3B07CD4}.Release|Any CPU.Build.0 = Release|Any CPU
		{789F08B8-D19C-45A0-9F08-7190B3B07CD4}.Release|Mixed Platforms.ActiveCfg = Release|Any CPU
		{789F08B8-D19C-45A0-9F08-7190B3B07CD4}.Release|Mixed Platforms.Build.0 = Release|Any CPU
		{789F08B8-D19C-45A0-9F08-7190B3B07CD4}.Release|Win32.ActiveCfg = Release|Any CPU
		{789F08B8-D19C-45A0-9F08-7190B3B07CD4}.Release|x86.ActiveCfg = Release|Any CPU
		{789F08B8-D19C-45A0-9F08-7190B3B07CD4}.Url2Webloc_debug|Any CPU.ActiveCfg = Url2Webloc_debug|Any CPU
		{789F08B8-D19C-45A0-9F08-7190B3B07CD4}.Url2Webloc_debug|Any CPU.Build.0 = Url2Webloc_debug|Any CPU
		{789F08B8-D19C-45A0-9F08-7190B3B07CD4}.Url2Webloc_debug|Mixed Platforms.ActiveCfg = Url2Webloc_debug|x86
		{789F08B8-D19C-45A0-9F08-7190B3B07CD4}.Url2Webloc_debug|Mixed Platforms.Build.0 = Url2Webloc_debug|x86
		{789F08B8-D19C-45A0-9F08-7190B3B07CD4}.Url2Webloc_debug|Win32.ActiveCfg = Url2Webloc_debug|x86
		{789F08B8-D19C-45A0-9F08-7190B3B07CD4}.Url2Webloc_debug|Win32.Build.0 = Url2Webloc_debug|x86
		{789F08B8-D19C-45A0-9F08-7190B3B07CD4}.Url2Webloc_debug|x86.ActiveCfg = Url2Webloc_debug|x86
		{789F08B8-D19C-45A0-9F08-7190B3B07CD4}.Url2Webloc_debug|x86.Build.0 = Url2Webloc_debug|x86
		{789F08B8-D19C-45A0-9F08-7190B3B07CD4}.Url2Webloc|Any CPU.ActiveCfg = Url2Webloc|Any CPU
		{789F08B8-D19C-45A0-9F08-7190B3B07CD4}.Url2Webloc|Any CPU.Build.0 = Url2Webloc|Any CPU
		{789F08B8-D19C-45A0-9F08-7190B3B07CD4}.Url2Webloc|Mixed Platforms.ActiveCfg = Url2Webloc|x86
		{789F08B8-D19C-45A0-9F08-7190B3B07CD4}.Url2Webloc|Mixed Platforms.Build.0 = Url2Webloc|x86
		{789F08B8-D19C-45A0-9F08-7190B3B07CD4}.Url2Webloc|Win32.ActiveCfg = Url2Webloc|x86
		{789F08B8-D19C-45A0-9F08-7190B3B07CD4}.Url2Webloc|Win32.Build.0 = Url2Webloc|x86
		{789F08B8-D19C-45A0-9F08-7190B3B07CD4}.Url2Webloc|x86.ActiveCfg = Url2Webloc|x86
		{789F08B8-D19C-45A0-9F08-7190B3B07CD4}.Url2Webloc|x86.Build.0 = Url2Webloc|x86
		{3A7380A5-FC9D-4EBC-B0A4-CFCEE539603B}.Debug|Any CPU.ActiveCfg = Debug|Any CPU
		{3A7380A5-FC9D-4EBC-B0A4-CFCEE539603B}.Debug|Any CPU.Build.0 = Debug|Any CPU
		{3A7380A5-FC9D-4EBC-B0A4-CFCEE539603B}.Debug|Mixed Platforms.ActiveCfg = Debug|Any CPU
		{3A7380A5-FC9D-4EBC-B0A4-CFCEE539603B}.Debug|Mixed Platforms.Build.0 = Debug|Any CPU
		{3A7380A5-FC9D-4EBC-B0A4-CFCEE539603B}.Debug|Win32.ActiveCfg = Debug|Any CPU
		{3A7380A5-FC9D-4EBC-B0A4-CFCEE539603B}.Debug|x86.ActiveCfg = Debug|Any CPU
		{3A7380A5-FC9D-4EBC-B0A4-CFCEE539603B}.Release|Any CPU.ActiveCfg = Release|Any CPU
		{3A7380A5-FC9D-4EBC-B0A4-CFCEE539603B}.Release|Any CPU.Build.0 = Release|Any CPU
		{3A7380A5-FC9D-4EBC-B0A4-CFCEE539603B}.Release|Mixed Platforms.ActiveCfg = Release|Any CPU
		{3A7380A5-FC9D-4EBC-B0A4-CFCEE539603B}.Release|Mixed Platforms.Build.0 = Release|Any CPU
		{3A7380A5-FC9D-4EBC-B0A4-CFCEE539603B}.Release|Win32.ActiveCfg = Release|Any CPU
		{3A7380A5-FC9D-4EBC-B0A4-CFCEE539603B}.Release|x86.ActiveCfg = Release|Any CPU
		{3A7380A5-FC9D-4EBC-B0A4-CFCEE539603B}.Url2Webloc_debug|Any CPU.ActiveCfg = Url2Webloc_debug|Any CPU
		{3A7380A5-FC9D-4EBC-B0A4-CFCEE539603B}.Url2Webloc_debug|Any CPU.Build.0 = Url2Webloc_debug|Any CPU
		{3A7380A5-FC9D-4EBC-B0A4-CFCEE539603B}.Url2Webloc_debug|Mixed Platforms.ActiveCfg = Url2Webloc_debug|Any CPU
		{3A7380A5-FC9D-4EBC-B0A4-CFCEE539603B}.Url2Webloc_debug|Mixed Platforms.Build.0 = Url2Webloc_debug|Any CPU
		{3A7380A5-FC9D-4EBC-B0A4-CFCEE539603B}.Url2Webloc_debug|Win32.ActiveCfg = Url2Webloc_debug|Any CPU
		{3A7380A5-FC9D-4EBC-B0A4-CFCEE539603B}.Url2Webloc_debug|x86.ActiveCfg = Url2Webloc_debug|Any CPU
		{3A7380A5-FC9D-4EBC-B0A4-CFCEE539603B}.Url2Webloc|Any CPU.ActiveCfg = Url2Webloc|Any CPU
		{3A7380A5-FC9D-4EBC-B0A4-CFCEE539603B}.Url2Webloc|Any CPU.Build.0 = Url2Webloc|Any CPU
		{3A7380A5-FC9D-4EBC-B0A4-CFCEE539603B}.Url2Webloc|Mixed Platforms.ActiveCfg = Url2Webloc|Any CPU
		{3A7380A5-FC9D-4EBC-B0A4-CFCEE539603B}.Url2Webloc|Mixed Platforms.Build.0 = Url2Webloc|Any CPU
		{3A7380A5-FC9D-4EBC-B0A4-CFCEE539603B}.Url2Webloc|Win32.ActiveCfg = Url2Webloc|Any CPU
		{3A7380A5-FC9D-4EBC-B0A4-CFCEE539603B}.Url2Webloc|x86.ActiveCfg = Url2Webloc|Any CPU
		{EE8D3C59-4900-487B-AFC9-6D0A75A2C756}.Debug|Any CPU.ActiveCfg = Debug|Any CPU
		{EE8D3C59-4900-487B-AFC9-6D0A75A2C756}.Debug|Any CPU.Build.0 = Debug|Any CPU
		{EE8D3C59-4900-487B-AFC9-6D0A75A2C756}.Debug|Mixed Platforms.ActiveCfg = Debug|Any CPU
		{EE8D3C59-4900-487B-AFC9-6D0A75A2C756}.Debug|Win32.ActiveCfg = Debug|Any CPU
		{EE8D3C59-4900-487B-AFC9-6D0A75A2C756}.Debug|x86.ActiveCfg = Debug|Any CPU
		{EE8D3C59-4900-487B-AFC9-6D0A75A2C756}.Release|Any CPU.ActiveCfg = Release|Any CPU
		{EE8D3C59-4900-487B-AFC9-6D0A75A2C756}.Release|Any CPU.Build.0 = Release|Any CPU
		{EE8D3C59-4900-487B-AFC9-6D0A75A2C756}.Release|Mixed Platforms.ActiveCfg = Release|Any CPU
		{EE8D3C59-4900-487B-AFC9-6D0A75A2C756}.Release|Win32.ActiveCfg = Release|Any CPU
		{EE8D3C59-4900-487B-AFC9-6D0A75A2C756}.Release|x86.ActiveCfg = Release|Any CPU
		{EE8D3C59-4900-487B-AFC9-6D0A75A2C756}.Url2Webloc_debug|Any CPU.ActiveCfg = Url2Webloc_debug|Any CPU
		{EE8D3C59-4900-487B-AFC9-6D0A75A2C756}.Url2Webloc_debug|Any CPU.Build.0 = Url2Webloc_debug|Any CPU
		{EE8D3C59-4900-487B-AFC9-6D0A75A2C756}.Url2Webloc_debug|Mixed Platforms.ActiveCfg = Url2Webloc_debug|Any CPU
		{EE8D3C59-4900-487B-AFC9-6D0A75A2C756}.Url2Webloc_debug|Mixed Platforms.Build.0 = Url2Webloc_debug|Any CPU
		{EE8D3C59-4900-487B-AFC9-6D0A75A2C756}.Url2Webloc_debug|Win32.ActiveCfg = Url2Webloc_debug|Any CPU
		{EE8D3C59-4900-487B-AFC9-6D0A75A2C756}.Url2Webloc_debug|x86.ActiveCfg = Url2Webloc_debug|Any CPU
		{EE8D3C59-4900-487B-AFC9-6D0A75A2C756}.Url2Webloc|Any CPU.ActiveCfg = Url2Webloc|Any CPU
		{EE8D3C59-4900-487B-AFC9-6D0A75A2C756}.Url2Webloc|Any CPU.Build.0 = Url2Webloc|Any CPU
		{EE8D3C59-4900-487B-AFC9-6D0A75A2C756}.Url2Webloc|Mixed Platforms.ActiveCfg = Url2Webloc|Any CPU
		{EE8D3C59-4900-487B-AFC9-6D0A75A2C756}.Url2Webloc|Mixed Platforms.Build.0 = Url2Webloc|Any CPU
		{EE8D3C59-4900-487B-AFC9-6D0A75A2C756}.Url2Webloc|Win32.ActiveCfg = Url2Webloc|Any CPU
		{EE8D3C59-4900-487B-AFC9-6D0A75A2C756}.Url2Webloc|x86.ActiveCfg = Url2Webloc|Any CPU
		{020AEC0D-5043-48A0-94C1-0A10AE378B86}.Debug|Any CPU.ActiveCfg = Debug|x86
		{020AEC0D-5043-48A0-94C1-0A10AE378B86}.Debug|Mixed Platforms.ActiveCfg = Debug|x86
		{020AEC0D-5043-48A0-94C1-0A10AE378B86}.Debug|Mixed Platforms.Build.0 = Debug|x86
		{020AEC0D-5043-48A0-94C1-0A10AE378B86}.Debug|Win32.ActiveCfg = Debug|x86
		{020AEC0D-5043-48A0-94C1-0A10AE378B86}.Debug|Win32.Build.0 = Debug|x86
		{020AEC0D-5043-48A0-94C1-0A10AE378B86}.Debug|x86.ActiveCfg = Debug|x86
		{020AEC0D-5043-48A0-94C1-0A10AE378B86}.Debug|x86.Build.0 = Debug|x86
		{020AEC0D-5043-48A0-94C1-0A10AE378B86}.Release|Any CPU.ActiveCfg = Release|x86
		{020AEC0D-5043-48A0-94C1-0A10AE378B86}.Release|Mixed Platforms.ActiveCfg = Release|x86
		{020AEC0D-5043-48A0-94C1-0A10AE378B86}.Release|Mixed Platforms.Build.0 = Release|x86
		{020AEC0D-5043-48A0-94C1-0A10AE378B86}.Release|Win32.ActiveCfg = Release|x86
		{020AEC0D-5043-48A0-94C1-0A10AE378B86}.Release|Win32.Build.0 = Release|x86
		{020AEC0D-5043-48A0-94C1-0A10AE378B86}.Release|x86.ActiveCfg = Release|x86
		{020AEC0D-5043-48A0-94C1-0A10AE378B86}.Release|x86.Build.0 = Release|x86
		{020AEC0D-5043-48A0-94C1-0A10AE378B86}.Url2Webloc_debug|Any CPU.ActiveCfg = Release|x86
		{020AEC0D-5043-48A0-94C1-0A10AE378B86}.Url2Webloc_debug|Mixed Platforms.ActiveCfg = Release|x86
		{020AEC0D-5043-48A0-94C1-0A10AE378B86}.Url2Webloc_debug|Mixed Platforms.Build.0 = Release|x86
		{020AEC0D-5043-48A0-94C1-0A10AE378B86}.Url2Webloc_debug|Win32.ActiveCfg = Release|x86
		{020AEC0D-5043-48A0-94C1-0A10AE378B86}.Url2Webloc_debug|Win32.Build.0 = Release|x86
		{020AEC0D-5043-48A0-94C1-0A10AE378B86}.Url2Webloc_debug|x86.ActiveCfg = Release|x86
		{020AEC0D-5043-48A0-94C1-0A10AE378B86}.Url2Webloc_debug|x86.Build.0 = Release|x86
		{020AEC0D-5043-48A0-94C1-0A10AE378B86}.Url2Webloc|Any CPU.ActiveCfg = Release|x86
		{020AEC0D-5043-48A0-94C1-0A10AE378B86}.Url2Webloc|Mixed Platforms.ActiveCfg = Release|x86
		{020AEC0D-5043-48A0-94C1-0A10AE378B86}.Url2Webloc|Mixed Platforms.Build.0 = Release|x86
		{020AEC0D-5043-48A0-94C1-0A10AE378B86}.Url2Webloc|Win32.ActiveCfg = Release|x86
		{020AEC0D-5043-48A0-94C1-0A10AE378B86}.Url2Webloc|Win32.Build.0 = Release|x86
		{020AEC0D-5043-48A0-94C1-0A10AE378B86}.Url2Webloc|x86.ActiveCfg = Release|x86
		{020AEC0D-5043-48A0-94C1-0A10AE378B86}.Url2Webloc|x86.Build.0 = Release|x86
		{955C3C24-8AD2-4E36-A360-78E25A53CE87}.Debug|Any CPU.ActiveCfg = Debug|Any CPU
		{955C3C24-8AD2-4E36-A360-78E25A53CE87}.Debug|Any CPU.Build.0 = Debug|Any CPU
		{955C3C24-8AD2-4E36-A360-78E25A53CE87}.Debug|Mixed Platforms.ActiveCfg = Debug|Any CPU
		{955C3C24-8AD2-4E36-A360-78E25A53CE87}.Debug|Mixed Platforms.Build.0 = Debug|Any CPU
		{955C3C24-8AD2-4E36-A360-78E25A53CE87}.Debug|Win32.ActiveCfg = Debug|Any CPU
		{955C3C24-8AD2-4E36-A360-78E25A53CE87}.Debug|x86.ActiveCfg = Debug|Any CPU
		{955C3C24-8AD2-4E36-A360-78E25A53CE87}.Release|Any CPU.ActiveCfg = Release|Any CPU
		{955C3C24-8AD2-4E36-A360-78E25A53CE87}.Release|Any CPU.Build.0 = Release|Any CPU
		{955C3C24-8AD2-4E36-A360-78E25A53CE87}.Release|Mixed Platforms.ActiveCfg = Release|Any CPU
		{955C3C24-8AD2-4E36-A360-78E25A53CE87}.Release|Mixed Platforms.Build.0 = Release|Any CPU
		{955C3C24-8AD2-4E36-A360-78E25A53CE87}.Release|Win32.ActiveCfg = Release|Any CPU
		{955C3C24-8AD2-4E36-A360-78E25A53CE87}.Release|x86.ActiveCfg = Release|Any CPU
		{955C3C24-8AD2-4E36-A360-78E25A53CE87}.Url2Webloc_debug|Any CPU.ActiveCfg = Url2Webloc_debug|Any CPU
		{955C3C24-8AD2-4E36-A360-78E25A53CE87}.Url2Webloc_debug|Any CPU.Build.0 = Url2Webloc_debug|Any CPU
		{955C3C24-8AD2-4E36-A360-78E25A53CE87}.Url2Webloc_debug|Mixed Platforms.ActiveCfg = Url2Webloc_debug|Any CPU
		{955C3C24-8AD2-4E36-A360-78E25A53CE87}.Url2Webloc_debug|Mixed Platforms.Build.0 = Url2Webloc_debug|Any CPU
		{955C3C24-8AD2-4E36-A360-78E25A53CE87}.Url2Webloc_debug|Win32.ActiveCfg = Url2Webloc_debug|Any CPU
		{955C3C24-8AD2-4E36-A360-78E25A53CE87}.Url2Webloc_debug|x86.ActiveCfg = Url2Webloc_debug|Any CPU
		{955C3C24-8AD2-4E36-A360-78E25A53CE87}.Url2Webloc|Any CPU.ActiveCfg = Url2Webloc|Any CPU
		{955C3C24-8AD2-4E36-A360-78E25A53CE87}.Url2Webloc|Any CPU.Build.0 = Url2Webloc|Any CPU
		{955C3C24-8AD2-4E36-A360-78E25A53CE87}.Url2Webloc|Mixed Platforms.ActiveCfg = Url2Webloc|Any CPU
		{955C3C24-8AD2-4E36-A360-78E25A53CE87}.Url2Webloc|Mixed Platforms.Build.0 = Url2Webloc|Any CPU
		{955C3C24-8AD2-4E36-A360-78E25A53CE87}.Url2Webloc|Win32.ActiveCfg = Url2Webloc|Any CPU
		{955C3C24-8AD2-4E36-A360-78E25A53CE87}.Url2Webloc|x86.ActiveCfg = Url2Webloc|Any CPU
		{0451BAEF-DF2E-4B98-8644-94EE9415E389}.Debug|Any CPU.ActiveCfg = Debug|Any CPU
		{0451BAEF-DF2E-4B98-8644-94EE9415E389}.Debug|Any CPU.Build.0 = Debug|Any CPU
		{0451BAEF-DF2E-4B98-8644-94EE9415E389}.Debug|Mixed Platforms.ActiveCfg = Debug|Any CPU
		{0451BAEF-DF2E-4B98-8644-94EE9415E389}.Debug|Win32.ActiveCfg = Debug|Any CPU
		{0451BAEF-DF2E-4B98-8644-94EE9415E389}.Debug|x86.ActiveCfg = Debug|Any CPU
		{0451BAEF-DF2E-4B98-8644-94EE9415E389}.Release|Any CPU.ActiveCfg = Release|Any CPU
		{0451BAEF-DF2E-4B98-8644-94EE9415E389}.Release|Any CPU.Build.0 = Release|Any CPU
		{0451BAEF-DF2E-4B98-8644-94EE9415E389}.Release|Mixed Platforms.ActiveCfg = Release|Any CPU
		{0451BAEF-DF2E-4B98-8644-94EE9415E389}.Release|Mixed Platforms.Build.0 = Release|Any CPU
		{0451BAEF-DF2E-4B98-8644-94EE9415E389}.Release|Win32.ActiveCfg = Release|Any CPU
		{0451BAEF-DF2E-4B98-8644-94EE9415E389}.Release|x86.ActiveCfg = Release|Any CPU
		{0451BAEF-DF2E-4B98-8644-94EE9415E389}.Url2Webloc_debug|Any CPU.ActiveCfg = Release|Any CPU
		{0451BAEF-DF2E-4B98-8644-94EE9415E389}.Url2Webloc_debug|Any CPU.Build.0 = Release|Any CPU
		{0451BAEF-DF2E-4B98-8644-94EE9415E389}.Url2Webloc_debug|Mixed Platforms.ActiveCfg = Release|Any CPU
		{0451BAEF-DF2E-4B98-8644-94EE9415E389}.Url2Webloc_debug|Mixed Platforms.Build.0 = Release|Any CPU
		{0451BAEF-DF2E-4B98-8644-94EE9415E389}.Url2Webloc_debug|Win32.ActiveCfg = Release|Any CPU
		{0451BAEF-DF2E-4B98-8644-94EE9415E389}.Url2Webloc_debug|x86.ActiveCfg = Release|Any CPU
		{0451BAEF-DF2E-4B98-8644-94EE9415E389}.Url2Webloc|Any CPU.ActiveCfg = Release|Any CPU
		{0451BAEF-DF2E-4B98-8644-94EE9415E389}.Url2Webloc|Any CPU.Build.0 = Release|Any CPU
		{0451BAEF-DF2E-4B98-8644-94EE9415E389}.Url2Webloc|Mixed Platforms.ActiveCfg = Release|Any CPU
		{0451BAEF-DF2E-4B98-8644-94EE9415E389}.Url2Webloc|Mixed Platforms.Build.0 = Release|Any CPU
		{0451BAEF-DF2E-4B98-8644-94EE9415E389}.Url2Webloc|Win32.ActiveCfg = Release|Any CPU
		{0451BAEF-DF2E-4B98-8644-94EE9415E389}.Url2Webloc|x86.ActiveCfg = Release|Any CPU
		{CBE60A76-B808-443C-B453-FC8C3746100A}.Debug|Any CPU.ActiveCfg = Debug|Any CPU
		{CBE60A76-B808-443C-B453-FC8C3746100A}.Debug|Any CPU.Build.0 = Debug|Any CPU
		{CBE60A76-B808-443C-B453-FC8C3746100A}.Debug|Mixed Platforms.ActiveCfg = Debug|Any CPU
		{CBE60A76-B808-443C-B453-FC8C3746100A}.Debug|Mixed Platforms.Build.0 = Debug|Any CPU
		{CBE60A76-B808-443C-B453-FC8C3746100A}.Debug|Win32.ActiveCfg = Debug|Any CPU
		{CBE60A76-B808-443C-B453-FC8C3746100A}.Debug|x86.ActiveCfg = Debug|Any CPU
		{CBE60A76-B808-443C-B453-FC8C3746100A}.Release|Any CPU.ActiveCfg = Release|Any CPU
		{CBE60A76-B808-443C-B453-FC8C3746100A}.Release|Any CPU.Build.0 = Release|Any CPU
		{CBE60A76-B808-443C-B453-FC8C3746100A}.Release|Mixed Platforms.ActiveCfg = Release|Any CPU
		{CBE60A76-B808-443C-B453-FC8C3746100A}.Release|Mixed Platforms.Build.0 = Release|Any CPU
		{CBE60A76-B808-443C-B453-FC8C3746100A}.Release|Win32.ActiveCfg = Release|Any CPU
		{CBE60A76-B808-443C-B453-FC8C3746100A}.Release|x86.ActiveCfg = Release|Any CPU
		{CBE60A76-B808-443C-B453-FC8C3746100A}.Url2Webloc_debug|Any CPU.ActiveCfg = Release|Any CPU
		{CBE60A76-B808-443C-B453-FC8C3746100A}.Url2Webloc_debug|Any CPU.Build.0 = Release|Any CPU
		{CBE60A76-B808-443C-B453-FC8C3746100A}.Url2Webloc_debug|Mixed Platforms.ActiveCfg = Release|Any CPU
		{CBE60A76-B808-443C-B453-FC8C3746100A}.Url2Webloc_debug|Mixed Platforms.Build.0 = Release|Any CPU
		{CBE60A76-B808-443C-B453-FC8C3746100A}.Url2Webloc_debug|Win32.ActiveCfg = Release|Any CPU
		{CBE60A76-B808-443C-B453-FC8C3746100A}.Url2Webloc_debug|x86.ActiveCfg = Release|Any CPU
		{CBE60A76-B808-443C-B453-FC8C3746100A}.Url2Webloc|Any CPU.ActiveCfg = Release|Any CPU
		{CBE60A76-B808-443C-B453-FC8C3746100A}.Url2Webloc|Any CPU.Build.0 = Release|Any CPU
		{CBE60A76-B808-443C-B453-FC8C3746100A}.Url2Webloc|Mixed Platforms.ActiveCfg = Release|Any CPU
		{CBE60A76-B808-443C-B453-FC8C3746100A}.Url2Webloc|Mixed Platforms.Build.0 = Release|Any CPU
		{CBE60A76-B808-443C-B453-FC8C3746100A}.Url2Webloc|Win32.ActiveCfg = Release|Any CPU
		{CBE60A76-B808-443C-B453-FC8C3746100A}.Url2Webloc|x86.ActiveCfg = Release|Any CPU
	EndGlobalSection
	GlobalSection(SolutionProperties) = preSolution
		HideSolutionNode = FALSE
	EndGlobalSection
	GlobalSection(NestedProjects) = preSolution
		{91EE4736-0AB8-494A-929A-017E5464A500} = {915C5108-D144-4574-8090-EF1E158032CE}
		{789F08B8-D19C-45A0-9F08-7190B3B07CD4} = {915C5108-D144-4574-8090-EF1E158032CE}
		{3A7380A5-FC9D-4EBC-B0A4-CFCEE539603B} = {F748C62A-3692-4172-B88C-2DC53731EC8B}
		{EE8D3C59-4900-487B-AFC9-6D0A75A2C756} = {ECA64ED6-07D0-4128-AEE8-20176E544D76}
		{020AEC0D-5043-48A0-94C1-0A10AE378B86} = {6862BDED-FF67-4FE6-9353-B351D6096401}
		{955C3C24-8AD2-4E36-A360-78E25A53CE87} = {F748C62A-3692-4172-B88C-2DC53731EC8B}
		{CBE60A76-B808-443C-B453-FC8C3746100A} = {F748C62A-3692-4172-B88C-2DC53731EC8B}
	EndGlobalSection
EndGlobal
